// !$*UTF8*$!
{
	archiveVersion = 1;
	classes = {
	};
	objectVersion = 46;
	objects = {

/* Begin PBXBuildFile section */
		392CF11F1C762FCF00090214 /* AppDelegate.swift in Sources */ = {isa = PBXBuildFile; fileRef = 392CF11E1C762FCF00090214 /* AppDelegate.swift */; };
		392CF1211C762FCF00090214 /* LoginViewController.swift in Sources */ = {isa = PBXBuildFile; fileRef = 392CF1201C762FCF00090214 /* LoginViewController.swift */; };
		392CF1241C762FCF00090214 /* Main.storyboard in Resources */ = {isa = PBXBuildFile; fileRef = 392CF1221C762FCF00090214 /* Main.storyboard */; };
		392CF1261C762FCF00090214 /* Assets.xcassets in Resources */ = {isa = PBXBuildFile; fileRef = 392CF1251C762FCF00090214 /* Assets.xcassets */; };
		392CF1291C762FCF00090214 /* LaunchScreen.storyboard in Resources */ = {isa = PBXBuildFile; fileRef = 392CF1271C762FCF00090214 /* LaunchScreen.storyboard */; };
		392CF1531C76424500090214 /* AppDelegate.swift in Sources */ = {isa = PBXBuildFile; fileRef = 392CF1521C76424500090214 /* AppDelegate.swift */; };
		392CF1551C76424500090214 /* ViewController.swift in Sources */ = {isa = PBXBuildFile; fileRef = 392CF1541C76424500090214 /* ViewController.swift */; };
		392CF1581C76424500090214 /* Main.storyboard in Resources */ = {isa = PBXBuildFile; fileRef = 392CF1561C76424500090214 /* Main.storyboard */; };
		392CF15A1C76424500090214 /* Assets.xcassets in Resources */ = {isa = PBXBuildFile; fileRef = 392CF1591C76424500090214 /* Assets.xcassets */; };
		39D878541C765067007E0CD5 /* SpaceSelectorController.swift in Sources */ = {isa = PBXBuildFile; fileRef = 39D878531C765067007E0CD5 /* SpaceSelectorController.swift */; };
		39D878561C766026007E0CD5 /* EmptyCellView.swift in Sources */ = {isa = PBXBuildFile; fileRef = 39D878551C766026007E0CD5 /* EmptyCellView.swift */; };
		39D878581C766F21007E0CD5 /* DefaultCellView.swift in Sources */ = {isa = PBXBuildFile; fileRef = 39D878571C766F21007E0CD5 /* DefaultCellView.swift */; };
		39E5A8641C77DF9F00DFC0F5 /* CategorySelectorController.swift in Sources */ = {isa = PBXBuildFile; fileRef = 39E5A8631C77DF9F00DFC0F5 /* CategorySelectorController.swift */; };
/* End PBXBuildFile section */

/* Begin PBXFileReference section */
		392CF11B1C762FCF00090214 /* IBMBoard.app */ = {isa = PBXFileReference; explicitFileType = wrapper.application; includeInIndex = 0; path = IBMBoard.app; sourceTree = BUILT_PRODUCTS_DIR; };
		392CF11E1C762FCF00090214 /* AppDelegate.swift */ = {isa = PBXFileReference; lastKnownFileType = sourcecode.swift; path = AppDelegate.swift; sourceTree = "<group>"; };
		392CF1201C762FCF00090214 /* LoginViewController.swift */ = {isa = PBXFileReference; lastKnownFileType = sourcecode.swift; path = LoginViewController.swift; sourceTree = "<group>"; };
		392CF1231C762FCF00090214 /* Base */ = {isa = PBXFileReference; lastKnownFileType = file.storyboard; name = Base; path = Base.lproj/Main.storyboard; sourceTree = "<group>"; };
		392CF1251C762FCF00090214 /* Assets.xcassets */ = {isa = PBXFileReference; lastKnownFileType = folder.assetcatalog; path = Assets.xcassets; sourceTree = "<group>"; };
		392CF1281C762FCF00090214 /* Base */ = {isa = PBXFileReference; lastKnownFileType = file.storyboard; name = Base; path = Base.lproj/LaunchScreen.storyboard; sourceTree = "<group>"; };
		392CF12A1C762FCF00090214 /* Info.plist */ = {isa = PBXFileReference; lastKnownFileType = text.plist.xml; path = Info.plist; sourceTree = "<group>"; };
		392CF1501C76424500090214 /* IBMTVBoard.app */ = {isa = PBXFileReference; explicitFileType = wrapper.application; includeInIndex = 0; path = IBMTVBoard.app; sourceTree = BUILT_PRODUCTS_DIR; };
		392CF1521C76424500090214 /* AppDelegate.swift */ = {isa = PBXFileReference; lastKnownFileType = sourcecode.swift; path = AppDelegate.swift; sourceTree = "<group>"; };
		392CF1541C76424500090214 /* ViewController.swift */ = {isa = PBXFileReference; lastKnownFileType = sourcecode.swift; path = ViewController.swift; sourceTree = "<group>"; };
		392CF1571C76424500090214 /* Base */ = {isa = PBXFileReference; lastKnownFileType = file.storyboard; name = Base; path = Base.lproj/Main.storyboard; sourceTree = "<group>"; };
		392CF1591C76424500090214 /* Assets.xcassets */ = {isa = PBXFileReference; lastKnownFileType = folder.assetcatalog; path = Assets.xcassets; sourceTree = "<group>"; };
		392CF15B1C76424500090214 /* Info.plist */ = {isa = PBXFileReference; lastKnownFileType = text.plist.xml; path = Info.plist; sourceTree = "<group>"; };
		39D878531C765067007E0CD5 /* SpaceSelectorController.swift */ = {isa = PBXFileReference; fileEncoding = 4; lastKnownFileType = sourcecode.swift; path = SpaceSelectorController.swift; sourceTree = "<group>"; };
		39D878551C766026007E0CD5 /* EmptyCellView.swift */ = {isa = PBXFileReference; fileEncoding = 4; lastKnownFileType = sourcecode.swift; path = EmptyCellView.swift; sourceTree = "<group>"; };
		39D878571C766F21007E0CD5 /* DefaultCellView.swift */ = {isa = PBXFileReference; fileEncoding = 4; lastKnownFileType = sourcecode.swift; path = DefaultCellView.swift; sourceTree = "<group>"; };
		39E5A8631C77DF9F00DFC0F5 /* CategorySelectorController.swift */ = {isa = PBXFileReference; fileEncoding = 4; lastKnownFileType = sourcecode.swift; path = CategorySelectorController.swift; sourceTree = "<group>"; };
/* End PBXFileReference section */

/* Begin PBXFrameworksBuildPhase section */
		392CF1181C762FCF00090214 /* Frameworks */ = {
			isa = PBXFrameworksBuildPhase;
			buildActionMask = 2147483647;
			files = (
			);
			runOnlyForDeploymentPostprocessing = 0;
		};
		392CF14D1C76424500090214 /* Frameworks */ = {
			isa = PBXFrameworksBuildPhase;
			buildActionMask = 2147483647;
			files = (
			);
			runOnlyForDeploymentPostprocessing = 0;
		};
/* End PBXFrameworksBuildPhase section */

/* Begin PBXGroup section */
		392CF1121C762FCF00090214 = {
			isa = PBXGroup;
			children = (
				392CF11D1C762FCF00090214 /* IBMBoard */,
				392CF1511C76424500090214 /* IBMTVBoard */,
				392CF11C1C762FCF00090214 /* Products */,
			);
			sourceTree = "<group>";
		};
		392CF11C1C762FCF00090214 /* Products */ = {
			isa = PBXGroup;
			children = (
				392CF11B1C762FCF00090214 /* IBMBoard.app */,
				392CF1501C76424500090214 /* IBMTVBoard.app */,
			);
			name = Products;
			sourceTree = "<group>";
		};
		392CF11D1C762FCF00090214 /* IBMBoard */ = {
			isa = PBXGroup;
			children = (
				392CF11E1C762FCF00090214 /* AppDelegate.swift */,
				392CF1201C762FCF00090214 /* LoginViewController.swift */,
				39D878531C765067007E0CD5 /* SpaceSelectorController.swift */,
				39D878551C766026007E0CD5 /* EmptyCellView.swift */,
				39D878571C766F21007E0CD5 /* DefaultCellView.swift */,
				39E5A8631C77DF9F00DFC0F5 /* CategorySelectorController.swift */,
				392CF1221C762FCF00090214 /* Main.storyboard */,
				392CF1251C762FCF00090214 /* Assets.xcassets */,
				392CF1271C762FCF00090214 /* LaunchScreen.storyboard */,
				392CF12A1C762FCF00090214 /* Info.plist */,
			);
			path = IBMBoard;
			sourceTree = "<group>";
		};
		392CF1511C76424500090214 /* IBMTVBoard */ = {
			isa = PBXGroup;
			children = (
				392CF1521C76424500090214 /* AppDelegate.swift */,
				392CF1541C76424500090214 /* ViewController.swift */,
				392CF1561C76424500090214 /* Main.storyboard */,
				392CF1591C76424500090214 /* Assets.xcassets */,
				392CF15B1C76424500090214 /* Info.plist */,
			);
			path = IBMTVBoard;
			sourceTree = "<group>";
		};
/* End PBXGroup section */

/* Begin PBXNativeTarget section */
		392CF11A1C762FCF00090214 /* IBMBoard */ = {
			isa = PBXNativeTarget;
			buildConfigurationList = 392CF1431C762FCF00090214 /* Build configuration list for PBXNativeTarget "IBMBoard" */;
			buildPhases = (
				392CF1171C762FCF00090214 /* Sources */,
				392CF1181C762FCF00090214 /* Frameworks */,
				392CF1191C762FCF00090214 /* Resources */,
			);
			buildRules = (
			);
			dependencies = (
			);
			name = IBMBoard;
			productName = IBMBoard;
			productReference = 392CF11B1C762FCF00090214 /* IBMBoard.app */;
			productType = "com.apple.product-type.application";
		};
		392CF14F1C76424500090214 /* IBMTVBoard */ = {
			isa = PBXNativeTarget;
			buildConfigurationList = 392CF1721C76424600090214 /* Build configuration list for PBXNativeTarget "IBMTVBoard" */;
			buildPhases = (
				392CF14C1C76424500090214 /* Sources */,
				392CF14D1C76424500090214 /* Frameworks */,
				392CF14E1C76424500090214 /* Resources */,
			);
			buildRules = (
			);
			dependencies = (
			);
			name = IBMTVBoard;
			productName = IBMTVBoard;
			productReference = 392CF1501C76424500090214 /* IBMTVBoard.app */;
			productType = "com.apple.product-type.application";
		};
/* End PBXNativeTarget section */

/* Begin PBXProject section */
		392CF1131C762FCF00090214 /* Project object */ = {
			isa = PBXProject;
			attributes = {
				LastSwiftUpdateCheck = 0720;
				LastUpgradeCheck = 0720;
				ORGANIZATIONNAME = "Zamiul Haque";
				TargetAttributes = {
					392CF11A1C762FCF00090214 = {
						CreatedOnToolsVersion = 7.2;
					};
					392CF14F1C76424500090214 = {
						CreatedOnToolsVersion = 7.2;
					};
				};
			};
			buildConfigurationList = 392CF1161C762FCF00090214 /* Build configuration list for PBXProject "IBMBoard" */;
			compatibilityVersion = "Xcode 3.2";
			developmentRegion = English;
			hasScannedForEncodings = 0;
			knownRegions = (
				en,
				Base,
			);
			mainGroup = 392CF1121C762FCF00090214;
			productRefGroup = 392CF11C1C762FCF00090214 /* Products */;
			projectDirPath = "";
			projectRoot = "";
			targets = (
				392CF11A1C762FCF00090214 /* IBMBoard */,
				392CF14F1C76424500090214 /* IBMTVBoard */,
			);
		};
/* End PBXProject section */

/* Begin PBXResourcesBuildPhase section */
		392CF1191C762FCF00090214 /* Resources */ = {
			isa = PBXResourcesBuildPhase;
			buildActionMask = 2147483647;
			files = (
				392CF1291C762FCF00090214 /* LaunchScreen.storyboard in Resources */,
				392CF1261C762FCF00090214 /* Assets.xcassets in Resources */,
				392CF1241C762FCF00090214 /* Main.storyboard in Resources */,
			);
			runOnlyForDeploymentPostprocessing = 0;
		};
		392CF14E1C76424500090214 /* Resources */ = {
			isa = PBXResourcesBuildPhase;
			buildActionMask = 2147483647;
			files = (
				392CF15A1C76424500090214 /* Assets.xcassets in Resources */,
				392CF1581C76424500090214 /* Main.storyboard in Resources */,
			);
			runOnlyForDeploymentPostprocessing = 0;
		};
/* End PBXResourcesBuildPhase section */

/* Begin PBXSourcesBuildPhase section */
		392CF1171C762FCF00090214 /* Sources */ = {
			isa = PBXSourcesBuildPhase;
			buildActionMask = 2147483647;
			files = (
				392CF1211C762FCF00090214 /* LoginViewController.swift in Sources */,
				39D878561C766026007E0CD5 /* EmptyCellView.swift in Sources */,
				39D878581C766F21007E0CD5 /* DefaultCellView.swift in Sources */,
				39D878541C765067007E0CD5 /* SpaceSelectorController.swift in Sources */,
				39E5A8641C77DF9F00DFC0F5 /* CategorySelectorController.swift in Sources */,
				392CF11F1C762FCF00090214 /* AppDelegate.swift in Sources */,
			);
			runOnlyForDeploymentPostprocessing = 0;
		};
		392CF14C1C76424500090214 /* Sources */ = {
			isa = PBXSourcesBuildPhase;
			buildActionMask = 2147483647;
			files = (
				392CF1551C76424500090214 /* ViewController.swift in Sources */,
				392CF1531C76424500090214 /* AppDelegate.swift in Sources */,
			);
			runOnlyForDeploymentPostprocessing = 0;
		};
/* End PBXSourcesBuildPhase section */

/* Begin PBXVariantGroup section */
		392CF1221C762FCF00090214 /* Main.storyboard */ = {
			isa = PBXVariantGroup;
			children = (
				392CF1231C762FCF00090214 /* Base */,
			);
			name = Main.storyboard;
			sourceTree = "<group>";
		};
		392CF1271C762FCF00090214 /* LaunchScreen.storyboard */ = {
			isa = PBXVariantGroup;
			children = (
				392CF1281C762FCF00090214 /* Base */,
			);
			name = LaunchScreen.storyboard;
			sourceTree = "<group>";
		};
		392CF1561C76424500090214 /* Main.storyboard */ = {
			isa = PBXVariantGroup;
			children = (
				392CF1571C76424500090214 /* Base */,
			);
			name = Main.storyboard;
			sourceTree = "<group>";
		};
/* End PBXVariantGroup section */

/* Begin XCBuildConfiguration section */
		392CF1411C762FCF00090214 /* Debug */ = {
			isa = XCBuildConfiguration;
			buildSettings = {
				ALWAYS_SEARCH_USER_PATHS = NO;
				CLANG_CXX_LANGUAGE_STANDARD = "gnu++0x";
				CLANG_CXX_LIBRARY = "libc++";
				CLANG_ENABLE_MODULES = YES;
				CLANG_ENABLE_OBJC_ARC = YES;
				CLANG_WARN_BOOL_CONVERSION = YES;
				CLANG_WARN_CONSTANT_CONVERSION = YES;
				CLANG_WARN_DIRECT_OBJC_ISA_USAGE = YES_ERROR;
				CLANG_WARN_EMPTY_BODY = YES;
				CLANG_WARN_ENUM_CONVERSION = YES;
				CLANG_WARN_INT_CONVERSION = YES;
				CLANG_WARN_OBJC_ROOT_CLASS = YES_ERROR;
				CLANG_WARN_UNREACHABLE_CODE = YES;
				CLANG_WARN__DUPLICATE_METHOD_MATCH = YES;
				"CODE_SIGN_IDENTITY[sdk=iphoneos*]" = "iPhone Developer";
				COPY_PHASE_STRIP = NO;
				DEBUG_INFORMATION_FORMAT = dwarf;
				ENABLE_STRICT_OBJC_MSGSEND = YES;
				ENABLE_TESTABILITY = YES;
				GCC_C_LANGUAGE_STANDARD = gnu99;
				GCC_DYNAMIC_NO_PIC = NO;
				GCC_NO_COMMON_BLOCKS = YES;
				GCC_OPTIMIZATION_LEVEL = 0;
				GCC_PREPROCESSOR_DEFINITIONS = (
					"DEBUG=1",
					"$(inherited)",
				);
				GCC_WARN_64_TO_32_BIT_CONVERSION = YES;
				GCC_WARN_ABOUT_RETURN_TYPE = YES_ERROR;
				GCC_WARN_UNDECLARED_SELECTOR = YES;
				GCC_WARN_UNINITIALIZED_AUTOS = YES_AGGRESSIVE;
				GCC_WARN_UNUSED_FUNCTION = YES;
				GCC_WARN_UNUSED_VARIABLE = YES;
				IPHONEOS_DEPLOYMENT_TARGET = 9.2;
				MTL_ENABLE_DEBUG_INFO = YES;
				ONLY_ACTIVE_ARCH = YES;
				SDKROOT = iphoneos;
				SWIFT_OPTIMIZATION_LEVEL = "-Onone";
				TARGETED_DEVICE_FAMILY = "1,2";
			};
			name = Debug;
		};
		392CF1421C762FCF00090214 /* Release */ = {
			isa = XCBuildConfiguration;
			buildSettings = {
				ALWAYS_SEARCH_USER_PATHS = NO;
				CLANG_CXX_LANGUAGE_STANDARD = "gnu++0x";
				CLANG_CXX_LIBRARY = "libc++";
				CLANG_ENABLE_MODULES = YES;
				CLANG_ENABLE_OBJC_ARC = YES;
				CLANG_WARN_BOOL_CONVERSION = YES;
				CLANG_WARN_CONSTANT_CONVERSION = YES;
				CLANG_WARN_DIRECT_OBJC_ISA_USAGE = YES_ERROR;
				CLANG_WARN_EMPTY_BODY = YES;
				CLANG_WARN_ENUM_CONVERSION = YES;
				CLANG_WARN_INT_CONVERSION = YES;
				CLANG_WARN_OBJC_ROOT_CLASS = YES_ERROR;
				CLANG_WARN_UNREACHABLE_CODE = YES;
				CLANG_WARN__DUPLICATE_METHOD_MATCH = YES;
				"CODE_SIGN_IDENTITY[sdk=iphoneos*]" = "iPhone Developer";
				COPY_PHASE_STRIP = NO;
				DEBUG_INFORMATION_FORMAT = "dwarf-with-dsym";
				ENABLE_NS_ASSERTIONS = NO;
				ENABLE_STRICT_OBJC_MSGSEND = YES;
				GCC_C_LANGUAGE_STANDARD = gnu99;
				GCC_NO_COMMON_BLOCKS = YES;
				GCC_WARN_64_TO_32_BIT_CONVERSION = YES;
				GCC_WARN_ABOUT_RETURN_TYPE = YES_ERROR;
				GCC_WARN_UNDECLARED_SELECTOR = YES;
				GCC_WARN_UNINITIALIZED_AUTOS = YES_AGGRESSIVE;
				GCC_WARN_UNUSED_FUNCTION = YES;
				GCC_WARN_UNUSED_VARIABLE = YES;
				IPHONEOS_DEPLOYMENT_TARGET = 9.2;
				MTL_ENABLE_DEBUG_INFO = NO;
				SDKROOT = iphoneos;
				TARGETED_DEVICE_FAMILY = "1,2";
				VALIDATE_PRODUCT = YES;
			};
			name = Release;
		};
		392CF1441C762FCF00090214 /* Debug */ = {
			isa = XCBuildConfiguration;
			buildSettings = {
				ASSETCATALOG_COMPILER_APPICON_NAME = AppIcon;
				INFOPLIST_FILE = IBMBoard/Info.plist;
				LD_RUNPATH_SEARCH_PATHS = "$(inherited) @executable_path/Frameworks";
				PRODUCT_BUNDLE_IDENTIFIER = ibm.IBMBoard;
				PRODUCT_NAME = "$(TARGET_NAME)";
			};
			name = Debug;
		};
		392CF1451C762FCF00090214 /* Release */ = {
			isa = XCBuildConfiguration;
			buildSettings = {
				ASSETCATALOG_COMPILER_APPICON_NAME = AppIcon;
				INFOPLIST_FILE = IBMBoard/Info.plist;
				LD_RUNPATH_SEARCH_PATHS = "$(inherited) @executable_path/Frameworks";
				PRODUCT_BUNDLE_IDENTIFIER = ibm.IBMBoard;
				PRODUCT_NAME = "$(TARGET_NAME)";
			};
			name = Release;
		};
		392CF1731C76424600090214 /* Debug */ = {
			isa = XCBuildConfiguration;
			buildSettings = {
				ASSETCATALOG_COMPILER_APPICON_NAME = "App Icon & Top Shelf Image";
				ASSETCATALOG_COMPILER_LAUNCHIMAGE_NAME = LaunchImage;
				INFOPLIST_FILE = IBMTVBoard/Info.plist;
				LD_RUNPATH_SEARCH_PATHS = "$(inherited) @executable_path/Frameworks";
				PRODUCT_BUNDLE_IDENTIFIER = ibm.IBMTVBoard;
				PRODUCT_NAME = "$(TARGET_NAME)";
				SDKROOT = appletvos;
				TARGETED_DEVICE_FAMILY = 3;
				TVOS_DEPLOYMENT_TARGET = 9.1;
			};
			name = Debug;
		};
		392CF1741C76424600090214 /* Release */ = {
			isa = XCBuildConfiguration;
			buildSettings = {
				ASSETCATALOG_COMPILER_APPICON_NAME = "App Icon & Top Shelf Image";
				ASSETCATALOG_COMPILER_LAUNCHIMAGE_NAME = LaunchImage;
				INFOPLIST_FILE = IBMTVBoard/Info.plist;
				LD_RUNPATH_SEARCH_PATHS = "$(inherited) @executable_path/Frameworks";
				PRODUCT_BUNDLE_IDENTIFIER = ibm.IBMTVBoard;
				PRODUCT_NAME = "$(TARGET_NAME)";
				SDKROOT = appletvos;
				TARGETED_DEVICE_FAMILY = 3;
				TVOS_DEPLOYMENT_TARGET = 9.1;
			};
			name = Release;
		};
/* End XCBuildConfiguration section */

/* Begin XCConfigurationList section */
		392CF1161C762FCF00090214 /* Build configuration list for PBXProject "IBMBoard" */ = {
			isa = XCConfigurationList;
			buildConfigurations = (
				392CF1411C762FCF00090214 /* Debug */,
				392CF1421C762FCF00090214 /* Release */,
			);
			defaultConfigurationIsVisible = 0;
			defaultConfigurationName = Release;
		};
		392CF1431C762FCF00090214 /* Build configuration list for PBXNativeTarget "IBMBoard" */ = {
			isa = XCConfigurationList;
			buildConfigurations = (
				392CF1441C762FCF00090214 /* Debug */,
				392CF1451C762FCF00090214 /* Release */,
			);
			defaultConfigurationIsVisible = 0;
			defaultConfigurationName = Release;
		};
		392CF1721C76424600090214 /* Build configuration list for PBXNativeTarget "IBMTVBoard" */ = {
			isa = XCConfigurationList;
			buildConfigurations = (
				392CF1731C76424600090214 /* Debug */,
				392CF1741C76424600090214 /* Release */,
			);
			defaultConfigurationIsVisible = 0;
			defaultConfigurationName = Release;
		};
/* End XCConfigurationList section */
	};
	rootObject = 392CF1131C762FCF00090214 /* Project object */;
}
