// !$*UTF8*$!
{
	archiveVersion = 1;
	classes = {
	};
	objectVersion = 46;
	objects = {

/* Begin PBXBuildFile section */
		39022CDE1C895C3800464BC1 /* SDWebImageExt.swift in Sources */ = {isa = PBXBuildFile; fileRef = 39EB93B21C7D8A880053F73F /* SDWebImageExt.swift */; };
		39022CE01C895C5F00464BC1 /* NSData+ImageContentType.m in Sources */ = {isa = PBXBuildFile; fileRef = 39E5A8771C7D29C900DFC0F5 /* NSData+ImageContentType.m */; };
		39022CE11C895C5F00464BC1 /* SDImageCache.m in Sources */ = {isa = PBXBuildFile; fileRef = 39E5A8791C7D29C900DFC0F5 /* SDImageCache.m */; };
		39022CE21C895C5F00464BC1 /* SDWebImageCompat.m in Sources */ = {isa = PBXBuildFile; fileRef = 39E5A87B1C7D29C900DFC0F5 /* SDWebImageCompat.m */; };
		39022CE31C895C5F00464BC1 /* SDWebImageDecoder.m in Sources */ = {isa = PBXBuildFile; fileRef = 39E5A87D1C7D29C900DFC0F5 /* SDWebImageDecoder.m */; };
		39022CE41C895C5F00464BC1 /* SDWebImageDownloader.m in Sources */ = {isa = PBXBuildFile; fileRef = 39E5A87F1C7D29C900DFC0F5 /* SDWebImageDownloader.m */; };
		39022CE51C895C5F00464BC1 /* SDWebImageDownloaderOperation.m in Sources */ = {isa = PBXBuildFile; fileRef = 39E5A8811C7D29C900DFC0F5 /* SDWebImageDownloaderOperation.m */; };
		39022CE61C895C5F00464BC1 /* SDWebImageManager.m in Sources */ = {isa = PBXBuildFile; fileRef = 39E5A8831C7D29C900DFC0F5 /* SDWebImageManager.m */; };
		39022CE71C895C5F00464BC1 /* SDWebImagePrefetcher.m in Sources */ = {isa = PBXBuildFile; fileRef = 39E5A8861C7D29C900DFC0F5 /* SDWebImagePrefetcher.m */; };
		39022CE81C895C5F00464BC1 /* UIButton+WebCache.m in Sources */ = {isa = PBXBuildFile; fileRef = 39E5A8881C7D29C900DFC0F5 /* UIButton+WebCache.m */; };
		39022CE91C895C5F00464BC1 /* UIImage+GIF.m in Sources */ = {isa = PBXBuildFile; fileRef = 39E5A88A1C7D29C900DFC0F5 /* UIImage+GIF.m */; };
		39022CEA1C895C5F00464BC1 /* UIImage+MultiFormat.m in Sources */ = {isa = PBXBuildFile; fileRef = 39E5A88C1C7D29C900DFC0F5 /* UIImage+MultiFormat.m */; };
		39022CEB1C895C5F00464BC1 /* UIImage+WebP.m in Sources */ = {isa = PBXBuildFile; fileRef = 39E5A88E1C7D29C900DFC0F5 /* UIImage+WebP.m */; };
		39022CEC1C895C5F00464BC1 /* UIImageView+HighlightedWebCache.m in Sources */ = {isa = PBXBuildFile; fileRef = 39E5A8901C7D29C900DFC0F5 /* UIImageView+HighlightedWebCache.m */; };
		39022CED1C895C5F00464BC1 /* UIImageView+WebCache.m in Sources */ = {isa = PBXBuildFile; fileRef = 39E5A8921C7D29C900DFC0F5 /* UIImageView+WebCache.m */; };
		39022CEE1C895C5F00464BC1 /* UIView+WebCacheOperation.m in Sources */ = {isa = PBXBuildFile; fileRef = 39E5A8941C7D29C900DFC0F5 /* UIView+WebCacheOperation.m */; };
		39022CF81C8A512900464BC1 /* ImageIO.framework in Frameworks */ = {isa = PBXBuildFile; fileRef = 39022CF71C8A512900464BC1 /* ImageIO.framework */; };
		39022CFA1C8A513300464BC1 /* libz.tbd in Frameworks */ = {isa = PBXBuildFile; fileRef = 39022CF91C8A513300464BC1 /* libz.tbd */; };
		39022D041C8A545B00464BC1 /* VideoAPIManager.swift in Sources */ = {isa = PBXBuildFile; fileRef = 39022D031C8A545B00464BC1 /* VideoAPIManager.swift */; };
		39022D051C8A549500464BC1 /* VideoAPIManager.swift in Sources */ = {isa = PBXBuildFile; fileRef = 39022D031C8A545B00464BC1 /* VideoAPIManager.swift */; };
		392CF11F1C762FCF00090214 /* AppDelegate.swift in Sources */ = {isa = PBXBuildFile; fileRef = 392CF11E1C762FCF00090214 /* AppDelegate.swift */; };
		392CF1211C762FCF00090214 /* LoginViewController.swift in Sources */ = {isa = PBXBuildFile; fileRef = 392CF1201C762FCF00090214 /* LoginViewController.swift */; };
		392CF1241C762FCF00090214 /* Main.storyboard in Resources */ = {isa = PBXBuildFile; fileRef = 392CF1221C762FCF00090214 /* Main.storyboard */; };
		392CF1261C762FCF00090214 /* Assets.xcassets in Resources */ = {isa = PBXBuildFile; fileRef = 392CF1251C762FCF00090214 /* Assets.xcassets */; };
		392CF1291C762FCF00090214 /* LaunchScreen.storyboard in Resources */ = {isa = PBXBuildFile; fileRef = 392CF1271C762FCF00090214 /* LaunchScreen.storyboard */; };
		392CF1531C76424500090214 /* AppDelegate.swift in Sources */ = {isa = PBXBuildFile; fileRef = 392CF1521C76424500090214 /* AppDelegate.swift */; };
		392CF1551C76424500090214 /* BoardController.swift in Sources */ = {isa = PBXBuildFile; fileRef = 392CF1541C76424500090214 /* BoardController.swift */; };
		392CF1581C76424500090214 /* Main.storyboard in Resources */ = {isa = PBXBuildFile; fileRef = 392CF1561C76424500090214 /* Main.storyboard */; };
		392CF15A1C76424500090214 /* Assets.xcassets in Resources */ = {isa = PBXBuildFile; fileRef = 392CF1591C76424500090214 /* Assets.xcassets */; };
		394606C01C91605F00E2633C /* Assets.xcassets in Resources */ = {isa = PBXBuildFile; fileRef = 392CF1591C76424500090214 /* Assets.xcassets */; };
		39826A9B1C8CDAFC00674734 /* SessionInformation.swift in Sources */ = {isa = PBXBuildFile; fileRef = 39826A9A1C8CDAFC00674734 /* SessionInformation.swift */; };
		39830FEC1C8AD6B600313AFC /* PostViewerController.swift in Sources */ = {isa = PBXBuildFile; fileRef = 39830FEB1C8AD6B600313AFC /* PostViewerController.swift */; };
		399A75001C87AB80007778B0 /* CardCell.swift in Sources */ = {isa = PBXBuildFile; fileRef = 39EB940D1C80FE240053F73F /* CardCell.swift */; };
		399A75021C88C86F007778B0 /* PosterController.swift in Sources */ = {isa = PBXBuildFile; fileRef = 399A75011C88C86F007778B0 /* PosterController.swift */; };
		39B6ADAE1C851001002E626D /* ServerInterface.swift in Sources */ = {isa = PBXBuildFile; fileRef = 39EB93E41C7E3D500053F73F /* ServerInterface.swift */; };
		39D878541C765067007E0CD5 /* SpaceSelectorController.swift in Sources */ = {isa = PBXBuildFile; fileRef = 39D878531C765067007E0CD5 /* SpaceSelectorController.swift */; };
		39D878561C766026007E0CD5 /* EmptyCellView.swift in Sources */ = {isa = PBXBuildFile; fileRef = 39D878551C766026007E0CD5 /* EmptyCellView.swift */; };
		39D878581C766F21007E0CD5 /* DefaultCellView.swift in Sources */ = {isa = PBXBuildFile; fileRef = 39D878571C766F21007E0CD5 /* DefaultCellView.swift */; };
		39E5A8641C77DF9F00DFC0F5 /* CategorySelectorController.swift in Sources */ = {isa = PBXBuildFile; fileRef = 39E5A8631C77DF9F00DFC0F5 /* CategorySelectorController.swift */; };
		39E5A8661C7D17EA00DFC0F5 /* ImageIO.framework in Frameworks */ = {isa = PBXBuildFile; fileRef = 39E5A8651C7D17EA00DFC0F5 /* ImageIO.framework */; };
		39EB93AF1C7D87BD0053F73F /* UINavigationExt.swift in Sources */ = {isa = PBXBuildFile; fileRef = 39EB93AE1C7D87BD0053F73F /* UINavigationExt.swift */; };
		39EB93B11C7D896A0053F73F /* VideoPostController.swift in Sources */ = {isa = PBXBuildFile; fileRef = 39EB93B01C7D896A0053F73F /* VideoPostController.swift */; };
		39EB93B31C7D8A880053F73F /* SDWebImageExt.swift in Sources */ = {isa = PBXBuildFile; fileRef = 39EB93B21C7D8A880053F73F /* SDWebImageExt.swift */; };
		39EB93E51C7E3D500053F73F /* ServerInterface.swift in Sources */ = {isa = PBXBuildFile; fileRef = 39EB93E41C7E3D500053F73F /* ServerInterface.swift */; };
		39EB93E71C7E45C60053F73F /* ArticlePosterController.swift in Sources */ = {isa = PBXBuildFile; fileRef = 39EB93E61C7E45C60053F73F /* ArticlePosterController.swift */; };
		39EB93E91C7E49BF0053F73F /* APIManager.swift in Sources */ = {isa = PBXBuildFile; fileRef = 39EB93E81C7E49BF0053F73F /* APIManager.swift */; };
		39EB93EB1C7E50750053F73F /* ArticleParser.swift in Sources */ = {isa = PBXBuildFile; fileRef = 39EB93EA1C7E50750053F73F /* ArticleParser.swift */; };
		39EB93F61C7E66600053F73F /* TBXML.m in Sources */ = {isa = PBXBuildFile; fileRef = 39EB93EC1C7E65CA0053F73F /* TBXML.m */; settings = {COMPILER_FLAGS = "-fno-objc-arc"; }; };
		39EB93F71C7E66600053F73F /* TBXML+Compression.m in Sources */ = {isa = PBXBuildFile; fileRef = 39EB93ED1C7E65CA0053F73F /* TBXML+Compression.m */; };
		39EB93F81C7E66600053F73F /* TBXML+HTTP.m in Sources */ = {isa = PBXBuildFile; fileRef = 39EB93EE1C7E65CA0053F73F /* TBXML+HTTP.m */; settings = {COMPILER_FLAGS = "-fno-objc-arc"; }; };
		39EB93FA1C7E66600053F73F /* NSData+ImageContentType.m in Sources */ = {isa = PBXBuildFile; fileRef = 39E5A8771C7D29C900DFC0F5 /* NSData+ImageContentType.m */; };
		39EB93FB1C7E66600053F73F /* SDImageCache.m in Sources */ = {isa = PBXBuildFile; fileRef = 39E5A8791C7D29C900DFC0F5 /* SDImageCache.m */; };
		39EB93FC1C7E66600053F73F /* SDWebImageCompat.m in Sources */ = {isa = PBXBuildFile; fileRef = 39E5A87B1C7D29C900DFC0F5 /* SDWebImageCompat.m */; };
		39EB93FD1C7E66600053F73F /* SDWebImageDecoder.m in Sources */ = {isa = PBXBuildFile; fileRef = 39E5A87D1C7D29C900DFC0F5 /* SDWebImageDecoder.m */; };
		39EB93FE1C7E66600053F73F /* SDWebImageDownloader.m in Sources */ = {isa = PBXBuildFile; fileRef = 39E5A87F1C7D29C900DFC0F5 /* SDWebImageDownloader.m */; };
		39EB93FF1C7E66600053F73F /* SDWebImageDownloaderOperation.m in Sources */ = {isa = PBXBuildFile; fileRef = 39E5A8811C7D29C900DFC0F5 /* SDWebImageDownloaderOperation.m */; };
		39EB94001C7E66600053F73F /* SDWebImageManager.m in Sources */ = {isa = PBXBuildFile; fileRef = 39E5A8831C7D29C900DFC0F5 /* SDWebImageManager.m */; };
		39EB94011C7E66600053F73F /* SDWebImagePrefetcher.m in Sources */ = {isa = PBXBuildFile; fileRef = 39E5A8861C7D29C900DFC0F5 /* SDWebImagePrefetcher.m */; };
		39EB94021C7E66600053F73F /* UIButton+WebCache.m in Sources */ = {isa = PBXBuildFile; fileRef = 39E5A8881C7D29C900DFC0F5 /* UIButton+WebCache.m */; };
		39EB94031C7E66600053F73F /* UIImage+GIF.m in Sources */ = {isa = PBXBuildFile; fileRef = 39E5A88A1C7D29C900DFC0F5 /* UIImage+GIF.m */; };
		39EB94041C7E66600053F73F /* UIImage+MultiFormat.m in Sources */ = {isa = PBXBuildFile; fileRef = 39E5A88C1C7D29C900DFC0F5 /* UIImage+MultiFormat.m */; };
		39EB94051C7E66600053F73F /* UIImage+WebP.m in Sources */ = {isa = PBXBuildFile; fileRef = 39E5A88E1C7D29C900DFC0F5 /* UIImage+WebP.m */; };
		39EB94061C7E66600053F73F /* UIImageView+HighlightedWebCache.m in Sources */ = {isa = PBXBuildFile; fileRef = 39E5A8901C7D29C900DFC0F5 /* UIImageView+HighlightedWebCache.m */; };
		39EB94071C7E66600053F73F /* UIImageView+WebCache.m in Sources */ = {isa = PBXBuildFile; fileRef = 39E5A8921C7D29C900DFC0F5 /* UIImageView+WebCache.m */; };
		39EB94081C7E66600053F73F /* UIView+WebCacheOperation.m in Sources */ = {isa = PBXBuildFile; fileRef = 39E5A8941C7D29C900DFC0F5 /* UIView+WebCacheOperation.m */; };
		39EB940A1C7E67950053F73F /* libz.tbd in Frameworks */ = {isa = PBXBuildFile; fileRef = 39EB94091C7E67950053F73F /* libz.tbd */; };
		39EB940C1C7FC8030053F73F /* AnnouncementPostController.swift in Sources */ = {isa = PBXBuildFile; fileRef = 39EB940B1C7FC8030053F73F /* AnnouncementPostController.swift */; };
		39EB940E1C80FE240053F73F /* CardCell.swift in Sources */ = {isa = PBXBuildFile; fileRef = 39EB940D1C80FE240053F73F /* CardCell.swift */; };
		39EB94121C84ABB10053F73F /* BoardLayout.swift in Sources */ = {isa = PBXBuildFile; fileRef = 39EB94111C84ABB10053F73F /* BoardLayout.swift */; };
/* End PBXBuildFile section */

/* Begin PBXFileReference section */
		39022CF71C8A512900464BC1 /* ImageIO.framework */ = {isa = PBXFileReference; lastKnownFileType = wrapper.framework; name = ImageIO.framework; path = Platforms/AppleTVOS.platform/Developer/SDKs/AppleTVOS9.1.sdk/System/Library/Frameworks/ImageIO.framework; sourceTree = DEVELOPER_DIR; };
		39022CF91C8A513300464BC1 /* libz.tbd */ = {isa = PBXFileReference; lastKnownFileType = "sourcecode.text-based-dylib-definition"; name = libz.tbd; path = Platforms/AppleTVOS.platform/Developer/SDKs/AppleTVOS9.1.sdk/usr/lib/libz.tbd; sourceTree = DEVELOPER_DIR; };
		39022D031C8A545B00464BC1 /* VideoAPIManager.swift */ = {isa = PBXFileReference; fileEncoding = 4; lastKnownFileType = sourcecode.swift; path = VideoAPIManager.swift; sourceTree = "<group>"; };
		392CF11B1C762FCF00090214 /* IBMBoard.app */ = {isa = PBXFileReference; explicitFileType = wrapper.application; includeInIndex = 0; path = IBMBoard.app; sourceTree = BUILT_PRODUCTS_DIR; };
		392CF11E1C762FCF00090214 /* AppDelegate.swift */ = {isa = PBXFileReference; lastKnownFileType = sourcecode.swift; path = AppDelegate.swift; sourceTree = "<group>"; };
		392CF1201C762FCF00090214 /* LoginViewController.swift */ = {isa = PBXFileReference; lastKnownFileType = sourcecode.swift; path = LoginViewController.swift; sourceTree = "<group>"; };
		392CF1231C762FCF00090214 /* Base */ = {isa = PBXFileReference; lastKnownFileType = file.storyboard; name = Base; path = Base.lproj/Main.storyboard; sourceTree = "<group>"; };
		392CF1251C762FCF00090214 /* Assets.xcassets */ = {isa = PBXFileReference; lastKnownFileType = folder.assetcatalog; path = Assets.xcassets; sourceTree = "<group>"; };
		392CF1281C762FCF00090214 /* Base */ = {isa = PBXFileReference; lastKnownFileType = file.storyboard; name = Base; path = Base.lproj/LaunchScreen.storyboard; sourceTree = "<group>"; };
		392CF12A1C762FCF00090214 /* Info.plist */ = {isa = PBXFileReference; lastKnownFileType = text.plist.xml; path = Info.plist; sourceTree = "<group>"; };
		392CF1501C76424500090214 /* IBMTVBoard.app */ = {isa = PBXFileReference; explicitFileType = wrapper.application; includeInIndex = 0; path = IBMTVBoard.app; sourceTree = BUILT_PRODUCTS_DIR; };
		392CF1521C76424500090214 /* AppDelegate.swift */ = {isa = PBXFileReference; lastKnownFileType = sourcecode.swift; path = AppDelegate.swift; sourceTree = "<group>"; };
		392CF1541C76424500090214 /* BoardController.swift */ = {isa = PBXFileReference; lastKnownFileType = sourcecode.swift; path = BoardController.swift; sourceTree = "<group>"; };
		392CF1571C76424500090214 /* Base */ = {isa = PBXFileReference; lastKnownFileType = file.storyboard; name = Base; path = Base.lproj/Main.storyboard; sourceTree = "<group>"; };
		392CF1591C76424500090214 /* Assets.xcassets */ = {isa = PBXFileReference; lastKnownFileType = folder.assetcatalog; path = Assets.xcassets; sourceTree = "<group>"; };
		392CF15B1C76424500090214 /* Info.plist */ = {isa = PBXFileReference; lastKnownFileType = text.plist.xml; path = Info.plist; sourceTree = "<group>"; };
		39826A9A1C8CDAFC00674734 /* SessionInformation.swift */ = {isa = PBXFileReference; fileEncoding = 4; lastKnownFileType = sourcecode.swift; path = SessionInformation.swift; sourceTree = "<group>"; };
		39830FEB1C8AD6B600313AFC /* PostViewerController.swift */ = {isa = PBXFileReference; fileEncoding = 4; lastKnownFileType = sourcecode.swift; path = PostViewerController.swift; sourceTree = "<group>"; };
		399A75011C88C86F007778B0 /* PosterController.swift */ = {isa = PBXFileReference; fileEncoding = 4; lastKnownFileType = sourcecode.swift; path = PosterController.swift; sourceTree = "<group>"; };
		39D878531C765067007E0CD5 /* SpaceSelectorController.swift */ = {isa = PBXFileReference; fileEncoding = 4; lastKnownFileType = sourcecode.swift; path = SpaceSelectorController.swift; sourceTree = "<group>"; };
		39D878551C766026007E0CD5 /* EmptyCellView.swift */ = {isa = PBXFileReference; fileEncoding = 4; lastKnownFileType = sourcecode.swift; path = EmptyCellView.swift; sourceTree = "<group>"; };
		39D878571C766F21007E0CD5 /* DefaultCellView.swift */ = {isa = PBXFileReference; fileEncoding = 4; lastKnownFileType = sourcecode.swift; path = DefaultCellView.swift; sourceTree = "<group>"; };
		39E5A8631C77DF9F00DFC0F5 /* CategorySelectorController.swift */ = {isa = PBXFileReference; fileEncoding = 4; lastKnownFileType = sourcecode.swift; path = CategorySelectorController.swift; sourceTree = "<group>"; };
		39E5A8651C7D17EA00DFC0F5 /* ImageIO.framework */ = {isa = PBXFileReference; lastKnownFileType = wrapper.framework; name = ImageIO.framework; path = System/Library/Frameworks/ImageIO.framework; sourceTree = SDKROOT; };
		39E5A8761C7D29C900DFC0F5 /* NSData+ImageContentType.h */ = {isa = PBXFileReference; lastKnownFileType = sourcecode.c.h; name = "NSData+ImageContentType.h"; path = "SDWebImage/SDWebImage/NSData+ImageContentType.h"; sourceTree = "<group>"; };
		39E5A8771C7D29C900DFC0F5 /* NSData+ImageContentType.m */ = {isa = PBXFileReference; lastKnownFileType = sourcecode.c.objc; name = "NSData+ImageContentType.m"; path = "SDWebImage/SDWebImage/NSData+ImageContentType.m"; sourceTree = "<group>"; };
		39E5A8781C7D29C900DFC0F5 /* SDImageCache.h */ = {isa = PBXFileReference; lastKnownFileType = sourcecode.c.h; name = SDImageCache.h; path = SDWebImage/SDWebImage/SDImageCache.h; sourceTree = "<group>"; };
		39E5A8791C7D29C900DFC0F5 /* SDImageCache.m */ = {isa = PBXFileReference; lastKnownFileType = sourcecode.c.objc; name = SDImageCache.m; path = SDWebImage/SDWebImage/SDImageCache.m; sourceTree = "<group>"; };
		39E5A87A1C7D29C900DFC0F5 /* SDWebImageCompat.h */ = {isa = PBXFileReference; lastKnownFileType = sourcecode.c.h; name = SDWebImageCompat.h; path = SDWebImage/SDWebImage/SDWebImageCompat.h; sourceTree = "<group>"; };
		39E5A87B1C7D29C900DFC0F5 /* SDWebImageCompat.m */ = {isa = PBXFileReference; lastKnownFileType = sourcecode.c.objc; name = SDWebImageCompat.m; path = SDWebImage/SDWebImage/SDWebImageCompat.m; sourceTree = "<group>"; };
		39E5A87C1C7D29C900DFC0F5 /* SDWebImageDecoder.h */ = {isa = PBXFileReference; lastKnownFileType = sourcecode.c.h; name = SDWebImageDecoder.h; path = SDWebImage/SDWebImage/SDWebImageDecoder.h; sourceTree = "<group>"; };
		39E5A87D1C7D29C900DFC0F5 /* SDWebImageDecoder.m */ = {isa = PBXFileReference; lastKnownFileType = sourcecode.c.objc; name = SDWebImageDecoder.m; path = SDWebImage/SDWebImage/SDWebImageDecoder.m; sourceTree = "<group>"; };
		39E5A87E1C7D29C900DFC0F5 /* SDWebImageDownloader.h */ = {isa = PBXFileReference; lastKnownFileType = sourcecode.c.h; name = SDWebImageDownloader.h; path = SDWebImage/SDWebImage/SDWebImageDownloader.h; sourceTree = "<group>"; };
		39E5A87F1C7D29C900DFC0F5 /* SDWebImageDownloader.m */ = {isa = PBXFileReference; lastKnownFileType = sourcecode.c.objc; name = SDWebImageDownloader.m; path = SDWebImage/SDWebImage/SDWebImageDownloader.m; sourceTree = "<group>"; };
		39E5A8801C7D29C900DFC0F5 /* SDWebImageDownloaderOperation.h */ = {isa = PBXFileReference; lastKnownFileType = sourcecode.c.h; name = SDWebImageDownloaderOperation.h; path = SDWebImage/SDWebImage/SDWebImageDownloaderOperation.h; sourceTree = "<group>"; };
		39E5A8811C7D29C900DFC0F5 /* SDWebImageDownloaderOperation.m */ = {isa = PBXFileReference; lastKnownFileType = sourcecode.c.objc; name = SDWebImageDownloaderOperation.m; path = SDWebImage/SDWebImage/SDWebImageDownloaderOperation.m; sourceTree = "<group>"; };
		39E5A8821C7D29C900DFC0F5 /* SDWebImageManager.h */ = {isa = PBXFileReference; lastKnownFileType = sourcecode.c.h; name = SDWebImageManager.h; path = SDWebImage/SDWebImage/SDWebImageManager.h; sourceTree = "<group>"; };
		39E5A8831C7D29C900DFC0F5 /* SDWebImageManager.m */ = {isa = PBXFileReference; lastKnownFileType = sourcecode.c.objc; name = SDWebImageManager.m; path = SDWebImage/SDWebImage/SDWebImageManager.m; sourceTree = "<group>"; };
		39E5A8841C7D29C900DFC0F5 /* SDWebImageOperation.h */ = {isa = PBXFileReference; lastKnownFileType = sourcecode.c.h; name = SDWebImageOperation.h; path = SDWebImage/SDWebImage/SDWebImageOperation.h; sourceTree = "<group>"; };
		39E5A8851C7D29C900DFC0F5 /* SDWebImagePrefetcher.h */ = {isa = PBXFileReference; lastKnownFileType = sourcecode.c.h; name = SDWebImagePrefetcher.h; path = SDWebImage/SDWebImage/SDWebImagePrefetcher.h; sourceTree = "<group>"; };
		39E5A8861C7D29C900DFC0F5 /* SDWebImagePrefetcher.m */ = {isa = PBXFileReference; lastKnownFileType = sourcecode.c.objc; name = SDWebImagePrefetcher.m; path = SDWebImage/SDWebImage/SDWebImagePrefetcher.m; sourceTree = "<group>"; };
		39E5A8871C7D29C900DFC0F5 /* UIButton+WebCache.h */ = {isa = PBXFileReference; lastKnownFileType = sourcecode.c.h; name = "UIButton+WebCache.h"; path = "SDWebImage/SDWebImage/UIButton+WebCache.h"; sourceTree = "<group>"; };
		39E5A8881C7D29C900DFC0F5 /* UIButton+WebCache.m */ = {isa = PBXFileReference; lastKnownFileType = sourcecode.c.objc; name = "UIButton+WebCache.m"; path = "SDWebImage/SDWebImage/UIButton+WebCache.m"; sourceTree = "<group>"; };
		39E5A8891C7D29C900DFC0F5 /* UIImage+GIF.h */ = {isa = PBXFileReference; lastKnownFileType = sourcecode.c.h; name = "UIImage+GIF.h"; path = "SDWebImage/SDWebImage/UIImage+GIF.h"; sourceTree = "<group>"; };
		39E5A88A1C7D29C900DFC0F5 /* UIImage+GIF.m */ = {isa = PBXFileReference; lastKnownFileType = sourcecode.c.objc; name = "UIImage+GIF.m"; path = "SDWebImage/SDWebImage/UIImage+GIF.m"; sourceTree = "<group>"; };
		39E5A88B1C7D29C900DFC0F5 /* UIImage+MultiFormat.h */ = {isa = PBXFileReference; lastKnownFileType = sourcecode.c.h; name = "UIImage+MultiFormat.h"; path = "SDWebImage/SDWebImage/UIImage+MultiFormat.h"; sourceTree = "<group>"; };
		39E5A88C1C7D29C900DFC0F5 /* UIImage+MultiFormat.m */ = {isa = PBXFileReference; lastKnownFileType = sourcecode.c.objc; name = "UIImage+MultiFormat.m"; path = "SDWebImage/SDWebImage/UIImage+MultiFormat.m"; sourceTree = "<group>"; };
		39E5A88D1C7D29C900DFC0F5 /* UIImage+WebP.h */ = {isa = PBXFileReference; lastKnownFileType = sourcecode.c.h; name = "UIImage+WebP.h"; path = "SDWebImage/SDWebImage/UIImage+WebP.h"; sourceTree = "<group>"; };
		39E5A88E1C7D29C900DFC0F5 /* UIImage+WebP.m */ = {isa = PBXFileReference; lastKnownFileType = sourcecode.c.objc; name = "UIImage+WebP.m"; path = "SDWebImage/SDWebImage/UIImage+WebP.m"; sourceTree = "<group>"; };
		39E5A88F1C7D29C900DFC0F5 /* UIImageView+HighlightedWebCache.h */ = {isa = PBXFileReference; lastKnownFileType = sourcecode.c.h; name = "UIImageView+HighlightedWebCache.h"; path = "SDWebImage/SDWebImage/UIImageView+HighlightedWebCache.h"; sourceTree = "<group>"; };
		39E5A8901C7D29C900DFC0F5 /* UIImageView+HighlightedWebCache.m */ = {isa = PBXFileReference; lastKnownFileType = sourcecode.c.objc; name = "UIImageView+HighlightedWebCache.m"; path = "SDWebImage/SDWebImage/UIImageView+HighlightedWebCache.m"; sourceTree = "<group>"; };
		39E5A8911C7D29C900DFC0F5 /* UIImageView+WebCache.h */ = {isa = PBXFileReference; lastKnownFileType = sourcecode.c.h; name = "UIImageView+WebCache.h"; path = "SDWebImage/SDWebImage/UIImageView+WebCache.h"; sourceTree = "<group>"; };
		39E5A8921C7D29C900DFC0F5 /* UIImageView+WebCache.m */ = {isa = PBXFileReference; lastKnownFileType = sourcecode.c.objc; name = "UIImageView+WebCache.m"; path = "SDWebImage/SDWebImage/UIImageView+WebCache.m"; sourceTree = "<group>"; };
		39E5A8931C7D29C900DFC0F5 /* UIView+WebCacheOperation.h */ = {isa = PBXFileReference; lastKnownFileType = sourcecode.c.h; name = "UIView+WebCacheOperation.h"; path = "SDWebImage/SDWebImage/UIView+WebCacheOperation.h"; sourceTree = "<group>"; };
		39E5A8941C7D29C900DFC0F5 /* UIView+WebCacheOperation.m */ = {isa = PBXFileReference; lastKnownFileType = sourcecode.c.objc; name = "UIView+WebCacheOperation.m"; path = "SDWebImage/SDWebImage/UIView+WebCacheOperation.m"; sourceTree = "<group>"; };
		39E5A8951C7D29C900DFC0F5 /* WebImage.h */ = {isa = PBXFileReference; lastKnownFileType = sourcecode.c.h; name = WebImage.h; path = SDWebImage/SDWebImage/WebImage.h; sourceTree = "<group>"; };
		39E5A8B91C7D2A5100DFC0F5 /* IBMBoard-Bridging-Header.h */ = {isa = PBXFileReference; lastKnownFileType = sourcecode.c.h; path = "IBMBoard-Bridging-Header.h"; sourceTree = "<group>"; };
		39EB93AE1C7D87BD0053F73F /* UINavigationExt.swift */ = {isa = PBXFileReference; fileEncoding = 4; lastKnownFileType = sourcecode.swift; path = UINavigationExt.swift; sourceTree = "<group>"; };
		39EB93B01C7D896A0053F73F /* VideoPostController.swift */ = {isa = PBXFileReference; fileEncoding = 4; lastKnownFileType = sourcecode.swift; path = VideoPostController.swift; sourceTree = "<group>"; };
		39EB93B21C7D8A880053F73F /* SDWebImageExt.swift */ = {isa = PBXFileReference; fileEncoding = 4; lastKnownFileType = sourcecode.swift; path = SDWebImageExt.swift; sourceTree = "<group>"; };
		39EB93E41C7E3D500053F73F /* ServerInterface.swift */ = {isa = PBXFileReference; fileEncoding = 4; lastKnownFileType = sourcecode.swift; path = ServerInterface.swift; sourceTree = "<group>"; };
		39EB93E61C7E45C60053F73F /* ArticlePosterController.swift */ = {isa = PBXFileReference; fileEncoding = 4; lastKnownFileType = sourcecode.swift; path = ArticlePosterController.swift; sourceTree = "<group>"; };
		39EB93E81C7E49BF0053F73F /* APIManager.swift */ = {isa = PBXFileReference; fileEncoding = 4; lastKnownFileType = sourcecode.swift; path = APIManager.swift; sourceTree = "<group>"; };
		39EB93EA1C7E50750053F73F /* ArticleParser.swift */ = {isa = PBXFileReference; fileEncoding = 4; lastKnownFileType = sourcecode.swift; path = ArticleParser.swift; sourceTree = "<group>"; };
		39EB93EC1C7E65CA0053F73F /* TBXML.m */ = {isa = PBXFileReference; fileEncoding = 4; lastKnownFileType = sourcecode.c.objc; name = TBXML.m; path = "TBXML/TBXML-Code/TBXML.m"; sourceTree = SOURCE_ROOT; };
		39EB93ED1C7E65CA0053F73F /* TBXML+Compression.m */ = {isa = PBXFileReference; fileEncoding = 4; lastKnownFileType = sourcecode.c.objc; name = "TBXML+Compression.m"; path = "TBXML/TBXML-Code/TBXML+Compression.m"; sourceTree = SOURCE_ROOT; };
		39EB93EE1C7E65CA0053F73F /* TBXML+HTTP.m */ = {isa = PBXFileReference; fileEncoding = 4; lastKnownFileType = sourcecode.c.objc; name = "TBXML+HTTP.m"; path = "TBXML/TBXML-Code/TBXML+HTTP.m"; sourceTree = SOURCE_ROOT; };
		39EB93EF1C7E65CA0053F73F /* TBXML.h */ = {isa = PBXFileReference; fileEncoding = 4; lastKnownFileType = sourcecode.c.h; name = TBXML.h; path = "TBXML/TBXML-Headers/TBXML.h"; sourceTree = SOURCE_ROOT; };
		39EB93F01C7E65CA0053F73F /* TBXML+Compression.h */ = {isa = PBXFileReference; fileEncoding = 4; lastKnownFileType = sourcecode.c.h; name = "TBXML+Compression.h"; path = "TBXML/TBXML-Headers/TBXML+Compression.h"; sourceTree = SOURCE_ROOT; };
		39EB93F11C7E65CA0053F73F /* TBXML+HTTP.h */ = {isa = PBXFileReference; fileEncoding = 4; lastKnownFileType = sourcecode.c.h; name = "TBXML+HTTP.h"; path = "TBXML/TBXML-Headers/TBXML+HTTP.h"; sourceTree = SOURCE_ROOT; };
		39EB94091C7E67950053F73F /* libz.tbd */ = {isa = PBXFileReference; lastKnownFileType = "sourcecode.text-based-dylib-definition"; name = libz.tbd; path = usr/lib/libz.tbd; sourceTree = SDKROOT; };
		39EB940B1C7FC8030053F73F /* AnnouncementPostController.swift */ = {isa = PBXFileReference; fileEncoding = 4; lastKnownFileType = sourcecode.swift; path = AnnouncementPostController.swift; sourceTree = "<group>"; };
		39EB940D1C80FE240053F73F /* CardCell.swift */ = {isa = PBXFileReference; fileEncoding = 4; lastKnownFileType = sourcecode.swift; path = CardCell.swift; sourceTree = "<group>"; };
		39EB94111C84ABB10053F73F /* BoardLayout.swift */ = {isa = PBXFileReference; fileEncoding = 4; lastKnownFileType = sourcecode.swift; path = BoardLayout.swift; sourceTree = "<group>"; };
/* End PBXFileReference section */

/* Begin PBXFrameworksBuildPhase section */
		392CF1181C762FCF00090214 /* Frameworks */ = {
			isa = PBXFrameworksBuildPhase;
			buildActionMask = 2147483647;
			files = (
				39EB940A1C7E67950053F73F /* libz.tbd in Frameworks */,
				39E5A8661C7D17EA00DFC0F5 /* ImageIO.framework in Frameworks */,
			);
			runOnlyForDeploymentPostprocessing = 0;
		};
		392CF14D1C76424500090214 /* Frameworks */ = {
			isa = PBXFrameworksBuildPhase;
			buildActionMask = 2147483647;
			files = (
				39022CFA1C8A513300464BC1 /* libz.tbd in Frameworks */,
				39022CF81C8A512900464BC1 /* ImageIO.framework in Frameworks */,
			);
			runOnlyForDeploymentPostprocessing = 0;
		};
/* End PBXFrameworksBuildPhase section */

/* Begin PBXGroup section */
		392CF1121C762FCF00090214 = {
			isa = PBXGroup;
			children = (
				39E5A8B91C7D2A5100DFC0F5 /* IBMBoard-Bridging-Header.h */,
				39022D031C8A545B00464BC1 /* VideoAPIManager.swift */,
				39EB93F51C7E65E30053F73F /* TBXML */,
				39E5A8B81C7D29D900DFC0F5 /* SDWebImage */,
				392CF11C1C762FCF00090214 /* Products */,
				392CF11D1C762FCF00090214 /* IBMBoard */,
				392CF1511C76424500090214 /* IBMTVBoard */,
				39E5A8671C7D17F600DFC0F5 /* Frameworks */,
			);
			sourceTree = "<group>";
		};
		392CF11C1C762FCF00090214 /* Products */ = {
			isa = PBXGroup;
			children = (
				392CF11B1C762FCF00090214 /* IBMBoard.app */,
				392CF1501C76424500090214 /* IBMTVBoard.app */,
			);
			name = Products;
			sourceTree = "<group>";
		};
		392CF11D1C762FCF00090214 /* IBMBoard */ = {
			isa = PBXGroup;
			children = (
				39EB93E81C7E49BF0053F73F /* APIManager.swift */,
				39EB93E41C7E3D500053F73F /* ServerInterface.swift */,
				39826A9A1C8CDAFC00674734 /* SessionInformation.swift */,
				39EB93AE1C7D87BD0053F73F /* UINavigationExt.swift */,
				39EB93EA1C7E50750053F73F /* ArticleParser.swift */,
				39EB93B21C7D8A880053F73F /* SDWebImageExt.swift */,
				392CF11E1C762FCF00090214 /* AppDelegate.swift */,
				392CF1201C762FCF00090214 /* LoginViewController.swift */,
				39D878531C765067007E0CD5 /* SpaceSelectorController.swift */,
				39D878551C766026007E0CD5 /* EmptyCellView.swift */,
				392CF1271C762FCF00090214 /* LaunchScreen.storyboard */,
				39D878571C766F21007E0CD5 /* DefaultCellView.swift */,
				399A75011C88C86F007778B0 /* PosterController.swift */,
				39E5A8631C77DF9F00DFC0F5 /* CategorySelectorController.swift */,
				39EB93E61C7E45C60053F73F /* ArticlePosterController.swift */,
				39EB93B01C7D896A0053F73F /* VideoPostController.swift */,
				39EB940B1C7FC8030053F73F /* AnnouncementPostController.swift */,
				392CF1221C762FCF00090214 /* Main.storyboard */,
				392CF1251C762FCF00090214 /* Assets.xcassets */,
				392CF12A1C762FCF00090214 /* Info.plist */,
			);
			path = IBMBoard;
			sourceTree = "<group>";
		};
		392CF1511C76424500090214 /* IBMTVBoard */ = {
			isa = PBXGroup;
			children = (
				39830FEB1C8AD6B600313AFC /* PostViewerController.swift */,
				39EB94111C84ABB10053F73F /* BoardLayout.swift */,
				39EB940D1C80FE240053F73F /* CardCell.swift */,
				392CF1521C76424500090214 /* AppDelegate.swift */,
				392CF1541C76424500090214 /* BoardController.swift */,
				392CF1561C76424500090214 /* Main.storyboard */,
				392CF1591C76424500090214 /* Assets.xcassets */,
				392CF15B1C76424500090214 /* Info.plist */,
			);
			path = IBMTVBoard;
			sourceTree = "<group>";
		};
		39E5A8671C7D17F600DFC0F5 /* Frameworks */ = {
			isa = PBXGroup;
			children = (
				39022CF91C8A513300464BC1 /* libz.tbd */,
				39022CF71C8A512900464BC1 /* ImageIO.framework */,
				39EB94091C7E67950053F73F /* libz.tbd */,
				39E5A8651C7D17EA00DFC0F5 /* ImageIO.framework */,
			);
			name = Frameworks;
			sourceTree = "<group>";
		};
		39E5A8B81C7D29D900DFC0F5 /* SDWebImage */ = {
			isa = PBXGroup;
			children = (
				39E5A8761C7D29C900DFC0F5 /* NSData+ImageContentType.h */,
				39E5A8771C7D29C900DFC0F5 /* NSData+ImageContentType.m */,
				39E5A8781C7D29C900DFC0F5 /* SDImageCache.h */,
				39E5A8791C7D29C900DFC0F5 /* SDImageCache.m */,
				39E5A87A1C7D29C900DFC0F5 /* SDWebImageCompat.h */,
				39E5A87B1C7D29C900DFC0F5 /* SDWebImageCompat.m */,
				39E5A87C1C7D29C900DFC0F5 /* SDWebImageDecoder.h */,
				39E5A87D1C7D29C900DFC0F5 /* SDWebImageDecoder.m */,
				39E5A87E1C7D29C900DFC0F5 /* SDWebImageDownloader.h */,
				39E5A87F1C7D29C900DFC0F5 /* SDWebImageDownloader.m */,
				39E5A8801C7D29C900DFC0F5 /* SDWebImageDownloaderOperation.h */,
				39E5A8811C7D29C900DFC0F5 /* SDWebImageDownloaderOperation.m */,
				39E5A8821C7D29C900DFC0F5 /* SDWebImageManager.h */,
				39E5A8831C7D29C900DFC0F5 /* SDWebImageManager.m */,
				39E5A8841C7D29C900DFC0F5 /* SDWebImageOperation.h */,
				39E5A8851C7D29C900DFC0F5 /* SDWebImagePrefetcher.h */,
				39E5A8861C7D29C900DFC0F5 /* SDWebImagePrefetcher.m */,
				39E5A8871C7D29C900DFC0F5 /* UIButton+WebCache.h */,
				39E5A8881C7D29C900DFC0F5 /* UIButton+WebCache.m */,
				39E5A8891C7D29C900DFC0F5 /* UIImage+GIF.h */,
				39E5A88A1C7D29C900DFC0F5 /* UIImage+GIF.m */,
				39E5A88B1C7D29C900DFC0F5 /* UIImage+MultiFormat.h */,
				39E5A88C1C7D29C900DFC0F5 /* UIImage+MultiFormat.m */,
				39E5A88D1C7D29C900DFC0F5 /* UIImage+WebP.h */,
				39E5A88E1C7D29C900DFC0F5 /* UIImage+WebP.m */,
				39E5A88F1C7D29C900DFC0F5 /* UIImageView+HighlightedWebCache.h */,
				39E5A8901C7D29C900DFC0F5 /* UIImageView+HighlightedWebCache.m */,
				39E5A8911C7D29C900DFC0F5 /* UIImageView+WebCache.h */,
				39E5A8921C7D29C900DFC0F5 /* UIImageView+WebCache.m */,
				39E5A8931C7D29C900DFC0F5 /* UIView+WebCacheOperation.h */,
				39E5A8941C7D29C900DFC0F5 /* UIView+WebCacheOperation.m */,
				39E5A8951C7D29C900DFC0F5 /* WebImage.h */,
			);
			name = SDWebImage;
			sourceTree = "<group>";
		};
		39EB93F51C7E65E30053F73F /* TBXML */ = {
			isa = PBXGroup;
			children = (
				39EB93EC1C7E65CA0053F73F /* TBXML.m */,
				39EB93ED1C7E65CA0053F73F /* TBXML+Compression.m */,
				39EB93EE1C7E65CA0053F73F /* TBXML+HTTP.m */,
				39EB93EF1C7E65CA0053F73F /* TBXML.h */,
				39EB93F01C7E65CA0053F73F /* TBXML+Compression.h */,
				39EB93F11C7E65CA0053F73F /* TBXML+HTTP.h */,
			);
			name = TBXML;
			path = IBMBoard;
			sourceTree = "<group>";
		};
/* End PBXGroup section */

/* Begin PBXNativeTarget section */
		392CF11A1C762FCF00090214 /* IBMBoard */ = {
			isa = PBXNativeTarget;
			buildConfigurationList = 392CF1431C762FCF00090214 /* Build configuration list for PBXNativeTarget "IBMBoard" */;
			buildPhases = (
				392CF1171C762FCF00090214 /* Sources */,
				392CF1181C762FCF00090214 /* Frameworks */,
				392CF1191C762FCF00090214 /* Resources */,
			);
			buildRules = (
			);
			dependencies = (
			);
			name = IBMBoard;
			productName = IBMBoard;
			productReference = 392CF11B1C762FCF00090214 /* IBMBoard.app */;
			productType = "com.apple.product-type.application";
		};
		392CF14F1C76424500090214 /* IBMTVBoard */ = {
			isa = PBXNativeTarget;
			buildConfigurationList = 392CF1721C76424600090214 /* Build configuration list for PBXNativeTarget "IBMTVBoard" */;
			buildPhases = (
				392CF14C1C76424500090214 /* Sources */,
				392CF14D1C76424500090214 /* Frameworks */,
				392CF14E1C76424500090214 /* Resources */,
			);
			buildRules = (
			);
			dependencies = (
			);
			name = IBMTVBoard;
			productName = IBMTVBoard;
			productReference = 392CF1501C76424500090214 /* IBMTVBoard.app */;
			productType = "com.apple.product-type.application";
		};
/* End PBXNativeTarget section */

/* Begin PBXProject section */
		392CF1131C762FCF00090214 /* Project object */ = {
			isa = PBXProject;
			attributes = {
				LastSwiftUpdateCheck = 0720;
				LastUpgradeCheck = 0720;
				ORGANIZATIONNAME = "Zamiul Haque";
				TargetAttributes = {
					392CF11A1C762FCF00090214 = {
						CreatedOnToolsVersion = 7.2;
					};
					392CF14F1C76424500090214 = {
						CreatedOnToolsVersion = 7.2;
					};
				};
			};
			buildConfigurationList = 392CF1161C762FCF00090214 /* Build configuration list for PBXProject "IBMBoard" */;
			compatibilityVersion = "Xcode 3.2";
			developmentRegion = English;
			hasScannedForEncodings = 0;
			knownRegions = (
				en,
				Base,
			);
			mainGroup = 392CF1121C762FCF00090214;
			productRefGroup = 392CF11C1C762FCF00090214 /* Products */;
			projectDirPath = "";
			projectRoot = "";
			targets = (
				392CF11A1C762FCF00090214 /* IBMBoard */,
				392CF14F1C76424500090214 /* IBMTVBoard */,
			);
		};
/* End PBXProject section */

/* Begin PBXResourcesBuildPhase section */
		392CF1191C762FCF00090214 /* Resources */ = {
			isa = PBXResourcesBuildPhase;
			buildActionMask = 2147483647;
			files = (
				392CF1291C762FCF00090214 /* LaunchScreen.storyboard in Resources */,
				392CF1261C762FCF00090214 /* Assets.xcassets in Resources */,
				394606C01C91605F00E2633C /* Assets.xcassets in Resources */,
				392CF1241C762FCF00090214 /* Main.storyboard in Resources */,
			);
			runOnlyForDeploymentPostprocessing = 0;
		};
		392CF14E1C76424500090214 /* Resources */ = {
			isa = PBXResourcesBuildPhase;
			buildActionMask = 2147483647;
			files = (
				392CF15A1C76424500090214 /* Assets.xcassets in Resources */,
				392CF1581C76424500090214 /* Main.storyboard in Resources */,
			);
			runOnlyForDeploymentPostprocessing = 0;
		};
/* End PBXResourcesBuildPhase section */

/* Begin PBXSourcesBuildPhase section */
		392CF1171C762FCF00090214 /* Sources */ = {
			isa = PBXSourcesBuildPhase;
			buildActionMask = 2147483647;
			files = (
				39EB94031C7E66600053F73F /* UIImage+GIF.m in Sources */,
				392CF1211C762FCF00090214 /* LoginViewController.swift in Sources */,
				39D878561C766026007E0CD5 /* EmptyCellView.swift in Sources */,
				39D878581C766F21007E0CD5 /* DefaultCellView.swift in Sources */,
				39EB93E51C7E3D500053F73F /* ServerInterface.swift in Sources */,
				39826A9B1C8CDAFC00674734 /* SessionInformation.swift in Sources */,
				39EB94051C7E66600053F73F /* UIImage+WebP.m in Sources */,
				39022D041C8A545B00464BC1 /* VideoAPIManager.swift in Sources */,
				39EB93FA1C7E66600053F73F /* NSData+ImageContentType.m in Sources */,
				39EB93E71C7E45C60053F73F /* ArticlePosterController.swift in Sources */,
				39EB93AF1C7D87BD0053F73F /* UINavigationExt.swift in Sources */,
				39EB93FD1C7E66600053F73F /* SDWebImageDecoder.m in Sources */,
				39D878541C765067007E0CD5 /* SpaceSelectorController.swift in Sources */,
				39EB94021C7E66600053F73F /* UIButton+WebCache.m in Sources */,
				39EB94001C7E66600053F73F /* SDWebImageManager.m in Sources */,
				39EB93EB1C7E50750053F73F /* ArticleParser.swift in Sources */,
				39EB94071C7E66600053F73F /* UIImageView+WebCache.m in Sources */,
				39EB93B31C7D8A880053F73F /* SDWebImageExt.swift in Sources */,
				39EB93F81C7E66600053F73F /* TBXML+HTTP.m in Sources */,
				39EB93E91C7E49BF0053F73F /* APIManager.swift in Sources */,
				39EB93F71C7E66600053F73F /* TBXML+Compression.m in Sources */,
				39EB94061C7E66600053F73F /* UIImageView+HighlightedWebCache.m in Sources */,
				39EB93FE1C7E66600053F73F /* SDWebImageDownloader.m in Sources */,
				39EB94011C7E66600053F73F /* SDWebImagePrefetcher.m in Sources */,
				39EB93B11C7D896A0053F73F /* VideoPostController.swift in Sources */,
				399A75001C87AB80007778B0 /* CardCell.swift in Sources */,
				39EB93FB1C7E66600053F73F /* SDImageCache.m in Sources */,
				39EB93FF1C7E66600053F73F /* SDWebImageDownloaderOperation.m in Sources */,
				39E5A8641C77DF9F00DFC0F5 /* CategorySelectorController.swift in Sources */,
				39EB940C1C7FC8030053F73F /* AnnouncementPostController.swift in Sources */,
				399A75021C88C86F007778B0 /* PosterController.swift in Sources */,
				39EB94041C7E66600053F73F /* UIImage+MultiFormat.m in Sources */,
				39EB94081C7E66600053F73F /* UIView+WebCacheOperation.m in Sources */,
				39EB93FC1C7E66600053F73F /* SDWebImageCompat.m in Sources */,
				392CF11F1C762FCF00090214 /* AppDelegate.swift in Sources */,
				39EB93F61C7E66600053F73F /* TBXML.m in Sources */,
			);
			runOnlyForDeploymentPostprocessing = 0;
		};
		392CF14C1C76424500090214 /* Sources */ = {
			isa = PBXSourcesBuildPhase;
			buildActionMask = 2147483647;
			files = (
				392CF1551C76424500090214 /* BoardController.swift in Sources */,
				39830FEC1C8AD6B600313AFC /* PostViewerController.swift in Sources */,
				39022CE61C895C5F00464BC1 /* SDWebImageManager.m in Sources */,
				39022CE11C895C5F00464BC1 /* SDImageCache.m in Sources */,
				39022CE51C895C5F00464BC1 /* SDWebImageDownloaderOperation.m in Sources */,
				39022CEE1C895C5F00464BC1 /* UIView+WebCacheOperation.m in Sources */,
				39B6ADAE1C851001002E626D /* ServerInterface.swift in Sources */,
				39022CE81C895C5F00464BC1 /* UIButton+WebCache.m in Sources */,
				39022CE01C895C5F00464BC1 /* NSData+ImageContentType.m in Sources */,
				39022CE71C895C5F00464BC1 /* SDWebImagePrefetcher.m in Sources */,
				39022CE41C895C5F00464BC1 /* SDWebImageDownloader.m in Sources */,
				39022D051C8A549500464BC1 /* VideoAPIManager.swift in Sources */,
				39EB94121C84ABB10053F73F /* BoardLayout.swift in Sources */,
				39022CEB1C895C5F00464BC1 /* UIImage+WebP.m in Sources */,
				39022CED1C895C5F00464BC1 /* UIImageView+WebCache.m in Sources */,
				39022CE31C895C5F00464BC1 /* SDWebImageDecoder.m in Sources */,
				392CF1531C76424500090214 /* AppDelegate.swift in Sources */,
				39022CE21C895C5F00464BC1 /* SDWebImageCompat.m in Sources */,
				39EB940E1C80FE240053F73F /* CardCell.swift in Sources */,
				39022CDE1C895C3800464BC1 /* SDWebImageExt.swift in Sources */,
				39022CEA1C895C5F00464BC1 /* UIImage+MultiFormat.m in Sources */,
				39022CEC1C895C5F00464BC1 /* UIImageView+HighlightedWebCache.m in Sources */,
				39022CE91C895C5F00464BC1 /* UIImage+GIF.m in Sources */,
			);
			runOnlyForDeploymentPostprocessing = 0;
		};
/* End PBXSourcesBuildPhase section */

/* Begin PBXVariantGroup section */
		392CF1221C762FCF00090214 /* Main.storyboard */ = {
			isa = PBXVariantGroup;
			children = (
				392CF1231C762FCF00090214 /* Base */,
			);
			name = Main.storyboard;
			sourceTree = "<group>";
		};
		392CF1271C762FCF00090214 /* LaunchScreen.storyboard */ = {
			isa = PBXVariantGroup;
			children = (
				392CF1281C762FCF00090214 /* Base */,
			);
			name = LaunchScreen.storyboard;
			sourceTree = "<group>";
		};
		392CF1561C76424500090214 /* Main.storyboard */ = {
			isa = PBXVariantGroup;
			children = (
				392CF1571C76424500090214 /* Base */,
			);
			name = Main.storyboard;
			sourceTree = "<group>";
		};
/* End PBXVariantGroup section */

/* Begin XCBuildConfiguration section */
		392CF1411C762FCF00090214 /* Debug */ = {
			isa = XCBuildConfiguration;
			buildSettings = {
				ALWAYS_SEARCH_USER_PATHS = NO;
				CLANG_CXX_LANGUAGE_STANDARD = "gnu++0x";
				CLANG_CXX_LIBRARY = "libc++";
				CLANG_ENABLE_MODULES = YES;
				CLANG_ENABLE_OBJC_ARC = YES;
				CLANG_WARN_BOOL_CONVERSION = YES;
				CLANG_WARN_CONSTANT_CONVERSION = YES;
				CLANG_WARN_DIRECT_OBJC_ISA_USAGE = YES_ERROR;
				CLANG_WARN_EMPTY_BODY = YES;
				CLANG_WARN_ENUM_CONVERSION = YES;
				CLANG_WARN_INT_CONVERSION = YES;
				CLANG_WARN_OBJC_ROOT_CLASS = YES_ERROR;
				CLANG_WARN_UNREACHABLE_CODE = YES;
				CLANG_WARN__DUPLICATE_METHOD_MATCH = YES;
				"CODE_SIGN_IDENTITY[sdk=iphoneos*]" = "iPhone Developer";
				COPY_PHASE_STRIP = NO;
				DEBUG_INFORMATION_FORMAT = dwarf;
				ENABLE_STRICT_OBJC_MSGSEND = YES;
				ENABLE_TESTABILITY = YES;
				GCC_C_LANGUAGE_STANDARD = gnu99;
				GCC_DYNAMIC_NO_PIC = NO;
				GCC_NO_COMMON_BLOCKS = YES;
				GCC_OPTIMIZATION_LEVEL = 0;
				GCC_PREPROCESSOR_DEFINITIONS = (
					"DEBUG=1",
					"$(inherited)",
				);
				GCC_WARN_64_TO_32_BIT_CONVERSION = YES;
				GCC_WARN_ABOUT_RETURN_TYPE = YES_ERROR;
				GCC_WARN_UNDECLARED_SELECTOR = YES;
				GCC_WARN_UNINITIALIZED_AUTOS = YES_AGGRESSIVE;
				GCC_WARN_UNUSED_FUNCTION = YES;
				GCC_WARN_UNUSED_VARIABLE = YES;
				IPHONEOS_DEPLOYMENT_TARGET = 9.2;
				MTL_ENABLE_DEBUG_INFO = YES;
				ONLY_ACTIVE_ARCH = YES;
				OTHER_LDFLAGS = "-ObjC";
				SDKROOT = iphoneos;
				SWIFT_OPTIMIZATION_LEVEL = "-Onone";
				TARGETED_DEVICE_FAMILY = "1,2";
			};
			name = Debug;
		};
		392CF1421C762FCF00090214 /* Release */ = {
			isa = XCBuildConfiguration;
			buildSettings = {
				ALWAYS_SEARCH_USER_PATHS = NO;
				CLANG_CXX_LANGUAGE_STANDARD = "gnu++0x";
				CLANG_CXX_LIBRARY = "libc++";
				CLANG_ENABLE_MODULES = YES;
				CLANG_ENABLE_OBJC_ARC = YES;
				CLANG_WARN_BOOL_CONVERSION = YES;
				CLANG_WARN_CONSTANT_CONVERSION = YES;
				CLANG_WARN_DIRECT_OBJC_ISA_USAGE = YES_ERROR;
				CLANG_WARN_EMPTY_BODY = YES;
				CLANG_WARN_ENUM_CONVERSION = YES;
				CLANG_WARN_INT_CONVERSION = YES;
				CLANG_WARN_OBJC_ROOT_CLASS = YES_ERROR;
				CLANG_WARN_UNREACHABLE_CODE = YES;
				CLANG_WARN__DUPLICATE_METHOD_MATCH = YES;
				"CODE_SIGN_IDENTITY[sdk=iphoneos*]" = "iPhone Developer";
				COPY_PHASE_STRIP = NO;
				DEBUG_INFORMATION_FORMAT = "dwarf-with-dsym";
				ENABLE_NS_ASSERTIONS = NO;
				ENABLE_STRICT_OBJC_MSGSEND = YES;
				GCC_C_LANGUAGE_STANDARD = gnu99;
				GCC_NO_COMMON_BLOCKS = YES;
				GCC_WARN_64_TO_32_BIT_CONVERSION = YES;
				GCC_WARN_ABOUT_RETURN_TYPE = YES_ERROR;
				GCC_WARN_UNDECLARED_SELECTOR = YES;
				GCC_WARN_UNINITIALIZED_AUTOS = YES_AGGRESSIVE;
				GCC_WARN_UNUSED_FUNCTION = YES;
				GCC_WARN_UNUSED_VARIABLE = YES;
				IPHONEOS_DEPLOYMENT_TARGET = 9.2;
				MTL_ENABLE_DEBUG_INFO = NO;
				OTHER_LDFLAGS = "-ObjC";
				SDKROOT = iphoneos;
				TARGETED_DEVICE_FAMILY = "1,2";
				VALIDATE_PRODUCT = YES;
			};
			name = Release;
		};
		392CF1441C762FCF00090214 /* Debug */ = {
			isa = XCBuildConfiguration;
			buildSettings = {
				ASSETCATALOG_COMPILER_APPICON_NAME = AppIcon;
				INFOPLIST_FILE = IBMBoard/Info.plist;
				LD_RUNPATH_SEARCH_PATHS = "$(inherited) @executable_path/Frameworks";
				PRODUCT_BUNDLE_IDENTIFIER = ibm.IBMBoard;
				PRODUCT_NAME = "$(TARGET_NAME)";
				SWIFT_OBJC_BRIDGING_HEADER = "IBMBoard-Bridging-Header.h";
			};
			name = Debug;
		};
		392CF1451C762FCF00090214 /* Release */ = {
			isa = XCBuildConfiguration;
			buildSettings = {
				ASSETCATALOG_COMPILER_APPICON_NAME = AppIcon;
				INFOPLIST_FILE = IBMBoard/Info.plist;
				LD_RUNPATH_SEARCH_PATHS = "$(inherited) @executable_path/Frameworks";
				PRODUCT_BUNDLE_IDENTIFIER = ibm.IBMBoard;
				PRODUCT_NAME = "$(TARGET_NAME)";
				SWIFT_OBJC_BRIDGING_HEADER = "IBMBoard-Bridging-Header.h";
			};
			name = Release;
		};
		392CF1731C76424600090214 /* Debug */ = {
			isa = XCBuildConfiguration;
			buildSettings = {
				ASSETCATALOG_COMPILER_APPICON_NAME = "App Icon & Top Shelf Image";
				ASSETCATALOG_COMPILER_LAUNCHIMAGE_NAME = LaunchImage;
				INFOPLIST_FILE = IBMTVBoard/Info.plist;
				LD_RUNPATH_SEARCH_PATHS = "$(inherited) @executable_path/Frameworks";
				PRODUCT_BUNDLE_IDENTIFIER = ibm.IBMTVBoard;
				PRODUCT_NAME = "$(TARGET_NAME)";
				SDKROOT = appletvos;
				SWIFT_OBJC_BRIDGING_HEADER = "IBMBoard-Bridging-Header.h";
				TARGETED_DEVICE_FAMILY = 3;
				TVOS_DEPLOYMENT_TARGET = 9.1;
			};
			name = Debug;
		};
		392CF1741C76424600090214 /* Release */ = {
			isa = XCBuildConfiguration;
			buildSettings = {
				ASSETCATALOG_COMPILER_APPICON_NAME = "App Icon & Top Shelf Image";
				ASSETCATALOG_COMPILER_LAUNCHIMAGE_NAME = LaunchImage;
				INFOPLIST_FILE = IBMTVBoard/Info.plist;
				LD_RUNPATH_SEARCH_PATHS = "$(inherited) @executable_path/Frameworks";
				PRODUCT_BUNDLE_IDENTIFIER = ibm.IBMTVBoard;
				PRODUCT_NAME = "$(TARGET_NAME)";
				SDKROOT = appletvos;
				SWIFT_OBJC_BRIDGING_HEADER = "IBMBoard-Bridging-Header.h";
				TARGETED_DEVICE_FAMILY = 3;
				TVOS_DEPLOYMENT_TARGET = 9.1;
			};
			name = Release;
		};
/* End XCBuildConfiguration section */

/* Begin XCConfigurationList section */
		392CF1161C762FCF00090214 /* Build configuration list for PBXProject "IBMBoard" */ = {
			isa = XCConfigurationList;
			buildConfigurations = (
				392CF1411C762FCF00090214 /* Debug */,
				392CF1421C762FCF00090214 /* Release */,
			);
			defaultConfigurationIsVisible = 0;
			defaultConfigurationName = Release;
		};
		392CF1431C762FCF00090214 /* Build configuration list for PBXNativeTarget "IBMBoard" */ = {
			isa = XCConfigurationList;
			buildConfigurations = (
				392CF1441C762FCF00090214 /* Debug */,
				392CF1451C762FCF00090214 /* Release */,
			);
			defaultConfigurationIsVisible = 0;
			defaultConfigurationName = Release;
		};
		392CF1721C76424600090214 /* Build configuration list for PBXNativeTarget "IBMTVBoard" */ = {
			isa = XCConfigurationList;
			buildConfigurations = (
				392CF1731C76424600090214 /* Debug */,
				392CF1741C76424600090214 /* Release */,
			);
			defaultConfigurationIsVisible = 0;
			defaultConfigurationName = Release;
		};
/* End XCConfigurationList section */
	};
	rootObject = 392CF1131C762FCF00090214 /* Project object */;
}
